
Microsoft Visual Studio Solution File, Format Version 12.00
# Visual Studio Version 17
VisualStudioVersion = 17.7.34031.279
MinimumVisualStudioVersion = 10.0.40219.1
Project("{9A19103F-16F7-4668-BE54-9A1E7A4F7556}") = "demo_signalR_2", "demo_signalR_2\demo_signalR_2.csproj", "{9FA6E7A6-308C-48F2-BEC3-982445B9FB66}"
EndProject
Global
	GlobalSection(SolutionConfigurationPlatforms) = preSolution
		Debug|Any CPU = Debug|Any CPU
		Release|Any CPU = Release|Any CPU
	EndGlobalSection
	GlobalSection(ProjectConfigurationPlatforms) = postSolution
		{9FA6E7A6-308C-48F2-BEC3-982445B9FB66}.Debug|Any CPU.ActiveCfg = Debug|Any CPU
		{9FA6E7A6-308C-48F2-BEC3-982445B9FB66}.Debug|Any CPU.Build.0 = Debug|Any CPU
		{9FA6E7A6-308C-48F2-BEC3-982445B9FB66}.Release|Any CPU.ActiveCfg = Release|Any CPU
		{9FA6E7A6-308C-48F2-BEC3-982445B9FB66}.Release|Any CPU.Build.0 = Release|Any CPU
	EndGlobalSection
	GlobalSection(SolutionProperties) = preSolution
		HideSolutionNode = FALSE
	EndGlobalSection
	GlobalSection(ExtensibilityGlobals) = postSolution
		SolutionGuid = {7DCF053F-785D-4AD4-BE1A-4C9C9F10A574}
	EndGlobalSection
EndGlobal
